<Solution>
  <Folder Name="/Solution Items/">
    <File Path="readme.md" />
  </Folder>
  <Project Path="3DPrintLib/PrintLib.csproj" />
  <Project Path="ConnectionTest/ConnectionTest.csproj" Id="a6ad2307-4cc4-44cd-bc19-adc501a5f1d2" />
  <Project Path="PrintProxy.Hub/PrintProxy.Hub.csproj" Id="155240e9-7af0-466b-af9e-a654dbe47e6a" />
</Solution>
